
Microsoft Visual Studio Solution File, Format Version 12.00
Project("{FAE04EC0-301F-11D3-BF4B-00C04F79EFBC}") = "OloLabs.Promotions.SDK", "OloLabs.Promotions.SDK\OloLabs.Promotions.SDK.csproj", "{585F42CB-A59D-464A-9C26-04BB772CD465}"
EndProject
Project("{FAE04EC0-301F-11D3-BF4B-00C04F79EFBC}") = "OloLabs.Promotions.SDK.Tests", "OloLabs.Promotions.SDK.Tests\OloLabs.Promotions.SDK.Tests.csproj", "{FC9E11BE-EBFF-429D-9D4E-D414B66C90AD}"
EndProject
Global
	GlobalSection(SolutionConfigurationPlatforms) = preSolution
		Debug|Any CPU = Debug|Any CPU
		Release|Any CPU = Release|Any CPU
	EndGlobalSection
	GlobalSection(ProjectConfigurationPlatforms) = postSolution
		{585F42CB-A59D-464A-9C26-04BB772CD465}.Debug|Any CPU.ActiveCfg = Debug|Any CPU
		{585F42CB-A59D-464A-9C26-04BB772CD465}.Debug|Any CPU.Build.0 = Debug|Any CPU
		{585F42CB-A59D-464A-9C26-04BB772CD465}.Release|Any CPU.ActiveCfg = Release|Any CPU
		{585F42CB-A59D-464A-9C26-04BB772CD465}.Release|Any CPU.Build.0 = Release|Any CPU
		{FC9E11BE-EBFF-429D-9D4E-D414B66C90AD}.Debug|Any CPU.ActiveCfg = Debug|Any CPU
		{FC9E11BE-EBFF-429D-9D4E-D414B66C90AD}.Debug|Any CPU.Build.0 = Debug|Any CPU
		{FC9E11BE-EBFF-429D-9D4E-D414B66C90AD}.Release|Any CPU.ActiveCfg = Release|Any CPU
		{FC9E11BE-EBFF-429D-9D4E-D414B66C90AD}.Release|Any CPU.Build.0 = Release|Any CPU
	EndGlobalSection
EndGlobal
